
Microsoft Visual Studio Solution File, Format Version 12.00
# Visual Studio 15
VisualStudioVersion = 15.0.27130.2027
MinimumVisualStudioVersion = 10.0.40219.1
Project("{FAE04EC0-301F-11D3-BF4B-00C04F79EFBC}") = "TvShowGateway.Data", "TvShowGateway.Data\TvShowGateway.Data.csproj", "{C525D107-B9F9-4F9D-8A54-6A724ABF86C9}"
EndProject
Project("{FAE04EC0-301F-11D3-BF4B-00C04F79EFBC}") = "TvShowGateway.Service", "TvShowGateway.Service\TvShowGateway.Service.csproj", "{982675BF-041E-4DAD-8BF0-F34CEBC1555C}"
EndProject
Project("{FAE04EC0-301F-11D3-BF4B-00C04F79EFBC}") = "TvShowGateway.Scraper", "TvShowGateway.Scraper\TvShowGateway.Scraper.csproj", "{8C35FA05-31EC-41CF-94D8-7C7B68D07198}"
EndProject
Project("{FAE04EC0-301F-11D3-BF4B-00C04F79EFBC}") = "TvShowGateway.API", "TvShowGateway.API\TvShowGateway.API.csproj", "{23B1F83C-8486-44F6-B188-A1E309A113A7}"
EndProject
Global
	GlobalSection(SolutionConfigurationPlatforms) = preSolution
		Debug|Any CPU = Debug|Any CPU
		Release|Any CPU = Release|Any CPU
	EndGlobalSection
	GlobalSection(ProjectConfigurationPlatforms) = postSolution
		{C525D107-B9F9-4F9D-8A54-6A724ABF86C9}.Debug|Any CPU.ActiveCfg = Debug|Any CPU
		{C525D107-B9F9-4F9D-8A54-6A724ABF86C9}.Debug|Any CPU.Build.0 = Debug|Any CPU
		{C525D107-B9F9-4F9D-8A54-6A724ABF86C9}.Release|Any CPU.ActiveCfg = Release|Any CPU
		{C525D107-B9F9-4F9D-8A54-6A724ABF86C9}.Release|Any CPU.Build.0 = Release|Any CPU
		{982675BF-041E-4DAD-8BF0-F34CEBC1555C}.Debug|Any CPU.ActiveCfg = Debug|Any CPU
		{982675BF-041E-4DAD-8BF0-F34CEBC1555C}.Debug|Any CPU.Build.0 = Debug|Any CPU
		{982675BF-041E-4DAD-8BF0-F34CEBC1555C}.Release|Any CPU.ActiveCfg = Release|Any CPU
		{982675BF-041E-4DAD-8BF0-F34CEBC1555C}.Release|Any CPU.Build.0 = Release|Any CPU
		{8C35FA05-31EC-41CF-94D8-7C7B68D07198}.Debug|Any CPU.ActiveCfg = Debug|Any CPU
		{8C35FA05-31EC-41CF-94D8-7C7B68D07198}.Debug|Any CPU.Build.0 = Debug|Any CPU
		{8C35FA05-31EC-41CF-94D8-7C7B68D07198}.Release|Any CPU.ActiveCfg = Release|Any CPU
		{8C35FA05-31EC-41CF-94D8-7C7B68D07198}.Release|Any CPU.Build.0 = Release|Any CPU
		{23B1F83C-8486-44F6-B188-A1E309A113A7}.Debug|Any CPU.ActiveCfg = Debug|Any CPU
		{23B1F83C-8486-44F6-B188-A1E309A113A7}.Debug|Any CPU.Build.0 = Debug|Any CPU
		{23B1F83C-8486-44F6-B188-A1E309A113A7}.Release|Any CPU.ActiveCfg = Release|Any CPU
		{23B1F83C-8486-44F6-B188-A1E309A113A7}.Release|Any CPU.Build.0 = Release|Any CPU
	EndGlobalSection
	GlobalSection(SolutionProperties) = preSolution
		HideSolutionNode = FALSE
	EndGlobalSection
	GlobalSection(ExtensibilityGlobals) = postSolution
		SolutionGuid = {1FE8EBFF-A042-467A-906B-471EF2855F79}
	EndGlobalSection
EndGlobal
